{
  "name": "SITHS-website-redesign",
  "lockfileVersion": 3,
  "requires": true,
  "packages": {
    "": {
      "dependencies": {
        "@microsoft/microsoft-graph-client": "^3.0.7"
      },
      "devDependencies": {
        "@microsoft/microsoft-graph-types": "^2.40.0"
      }
    },
    "node_modules/@babel/runtime": {
      "version": "7.27.0",
      "resolved": "https://registry.npmjs.org/@babel/runtime/-/runtime-7.27.0.tgz",
      "integrity": "sha512-VtPOkrdPHZsKc/clNqyi9WUA8TINkZ4cGk63UUE3u4pmB2k+ZMQRDuIOagv8UVd6j7k0T3+RRIb7beKTebNbcw==",
      "license": "MIT",
      "dependencies": {
        "regenerator-runtime": "^0.14.0"
      },
      "engines": {
        "node": ">=6.9.0"
      }
    },
    "node_modules/@microsoft/microsoft-graph-client": {
      "version": "3.0.7",
      "resolved": "https://registry.npmjs.org/@microsoft/microsoft-graph-client/-/microsoft-graph-client-3.0.7.tgz",
      "integrity": "sha512-/AazAV/F+HK4LIywF9C+NYHcJo038zEnWkteilcxC1FM/uK/4NVGDKGrxx7nNq1ybspAroRKT4I1FHfxQzxkUw==",
      "license": "MIT",
      "dependencies": {
        "@babel/runtime": "^7.12.5",
        "tslib": "^2.2.0"
      },
      "engines": {
        "node": ">=12.0.0"
      },
      "peerDependenciesMeta": {
        "@azure/identity": {
          "optional": true
        },
        "@azure/msal-browser": {
          "optional": true
        },
        "buffer": {
          "optional": true
        },
        "stream-browserify": {
          "optional": true
        }
      }
    },
    "node_modules/@microsoft/microsoft-graph-types": {
      "version": "2.40.0",
      "resolved": "https://registry.npmjs.org/@microsoft/microsoft-graph-types/-/microsoft-graph-types-2.40.0.tgz",
      "integrity": "sha512-1fcPVrB/NkbNcGNfCy+Cgnvwxt6/sbIEEFgZHFBJ670zYLegENYJF8qMo7x3LqBjWX2/Eneq5BVVRCLTmlJN+g==",
      "dev": true,
      "license": "MIT"
    },
    "node_modules/regenerator-runtime": {
      "version": "0.14.1",
      "resolved": "https://registry.npmjs.org/regenerator-runtime/-/regenerator-runtime-0.14.1.tgz",
      "integrity": "sha512-dYnhHh0nJoMfnkZs6GmmhFknAGRrLznOu5nc9ML+EJxGvrx6H7teuevqVqCuPcPK//3eDrrjQhehXVx9cnkGdw==",
      "license": "MIT"
    },
    "node_modules/tslib": {
      "version": "2.8.1",
      "resolved": "https://registry.npmjs.org/tslib/-/tslib-2.8.1.tgz",
      "integrity": "sha512-oJFu94HQb+KVduSUQL7wnpmqnfmLsOA/nAh6b6EH0wCEoK0/mPeXU6c3wKDV83MkOuHPRHtSXKKU99IBazS/2w==",
      "license": "0BSD"
    }
  }
}
